
Microsoft Visual Studio Solution File, Format Version 12.00
# Visual Studio Version 16
VisualStudioVersion = 16.0.31313.79
MinimumVisualStudioVersion = 10.0.40219.1
Project("{FAE04EC0-301F-11D3-BF4B-00C04F79EFBC}") = "TerminologyWebService", "TerminologyWebService.csproj", "{F9503F16-F711-4783-A86A-CB12D6B38814}"
EndProject
Global
	GlobalSection(SolutionConfigurationPlatforms) = preSolution
		Debug|Any CPU = Debug|Any CPU
		Release|Any CPU = Release|Any CPU
	EndGlobalSection
	GlobalSection(ProjectConfigurationPlatforms) = postSolution
		{F9503F16-F711-4783-A86A-CB12D6B38814}.Debug|Any CPU.ActiveCfg = Debug|Any CPU
		{F9503F16-F711-4783-A86A-CB12D6B38814}.Debug|Any CPU.Build.0 = Debug|Any CPU
		{F9503F16-F711-4783-A86A-CB12D6B38814}.Release|Any CPU.ActiveCfg = Release|Any CPU
		{F9503F16-F711-4783-A86A-CB12D6B38814}.Release|Any CPU.Build.0 = Release|Any CPU
	EndGlobalSection
	GlobalSection(SolutionProperties) = preSolution
		HideSolutionNode = FALSE
	EndGlobalSection
	GlobalSection(ExtensibilityGlobals) = postSolution
		SolutionGuid = {7FFF9532-3BE1-46F7-95FF-34CBEE091840}
	EndGlobalSection
EndGlobal
